
Microsoft Visual Studio Solution File, Format Version 12.00
# Visual Studio 2012
Project("{E24C65DC-7377-472B-9ABA-BC803B73C61A}") = "VoteSystem(2)", "http://localhost:1769", "{355AC4D6-38FD-4AEF-A9B1-519974812659}"
	ProjectSection(WebsiteProperties) = preProject
		UseIISExpress = "true"
		TargetFrameworkMoniker = ".NETFramework,Version%3Dv4.0"
		Debug.AspNetCompiler.VirtualPath = "/localhost_1769"
		Debug.AspNetCompiler.PhysicalPath = "..\VoteSystem\"
		Debug.AspNetCompiler.TargetPath = "PrecompiledWeb\localhost_1769\"
		Debug.AspNetCompiler.Updateable = "true"
		Debug.AspNetCompiler.ForceOverwrite = "true"
		Debug.AspNetCompiler.FixedNames = "false"
		Debug.AspNetCompiler.Debug = "True"
		Release.AspNetCompiler.VirtualPath = "/localhost_1769"
		Release.AspNetCompiler.PhysicalPath = "..\VoteSystem\"
		Release.AspNetCompiler.TargetPath = "PrecompiledWeb\localhost_1769\"
		Release.AspNetCompiler.Updateable = "true"
		Release.AspNetCompiler.ForceOverwrite = "true"
		Release.AspNetCompiler.FixedNames = "false"
		Release.AspNetCompiler.Debug = "False"
		SlnRelativePath = "..\VoteSystem\"
	EndProjectSection
EndProject
Global
	GlobalSection(SolutionConfigurationPlatforms) = preSolution
		Debug|Any CPU = Debug|Any CPU
	EndGlobalSection
	GlobalSection(ProjectConfigurationPlatforms) = postSolution
		{355AC4D6-38FD-4AEF-A9B1-519974812659}.Debug|Any CPU.ActiveCfg = Debug|Any CPU
		{355AC4D6-38FD-4AEF-A9B1-519974812659}.Debug|Any CPU.Build.0 = Debug|Any CPU
	EndGlobalSection
	GlobalSection(SolutionProperties) = preSolution
		HideSolutionNode = FALSE
	EndGlobalSection
EndGlobal
